// !$*UTF8*$!
{
	archiveVersion = 1;
	classes = {
	};
	objectVersion = 56;
	objects = {

/* Begin PBXBuildFile section */
		02DFFE352A052D080022C172 /* Recipe.swift in Sources */ = {isa = PBXBuildFile; fileRef = 02DFFE342A052D080022C172 /* Recipe.swift */; };
		02DFFE372A052D1D0022C172 /* RecipesData.swift in Sources */ = {isa = PBXBuildFile; fileRef = 02DFFE362A052D1D0022C172 /* RecipesData.swift */; };
		02DFFE3C2A052FD80022C172 /* RecipeDetail.swift in Sources */ = {isa = PBXBuildFile; fileRef = 02DFFE3B2A052FD80022C172 /* RecipeDetail.swift */; };
		02F256912A09192F00643BB0 /* Photos.xcassets in Resources */ = {isa = PBXBuildFile; fileRef = 02F256902A09192F00643BB0 /* Photos.xcassets */; };
		02F2569F2A0ABAF400643BB0 /* Localizable.strings in Resources */ = {isa = PBXBuildFile; fileRef = 02F256A12A0ABAF400643BB0 /* Localizable.strings */; };
		02F256A42A0ABDF200643BB0 /* Localizable.swift in Sources */ = {isa = PBXBuildFile; fileRef = 02F256A32A0ABDF200643BB0 /* Localizable.swift */; };
		1C4998A33F86F636B72230FD /* Pods_Foodify.framework in Frameworks */ = {isa = PBXBuildFile; fileRef = 46029555DA722DD7A3AD2F6D /* Pods_Foodify.framework */; };
/* End PBXBuildFile section */

/* Begin PBXFileReference section */
		02DFFE342A052D080022C172 /* Recipe.swift */ = {isa = PBXFileReference; lastKnownFileType = sourcecode.swift; path = Recipe.swift; sourceTree = "<group>"; };
		02DFFE362A052D1D0022C172 /* RecipesData.swift */ = {isa = PBXFileReference; lastKnownFileType = sourcecode.swift; path = RecipesData.swift; sourceTree = "<group>"; };
		02DFFE3B2A052FD80022C172 /* RecipeDetail.swift */ = {isa = PBXFileReference; lastKnownFileType = sourcecode.swift; path = RecipeDetail.swift; sourceTree = "<group>"; };
		02F256902A09192F00643BB0 /* Photos.xcassets */ = {isa = PBXFileReference; lastKnownFileType = folder.assetcatalog; path = Photos.xcassets; sourceTree = "<group>"; };
		02F256A02A0ABAF400643BB0 /* en */ = {isa = PBXFileReference; lastKnownFileType = text.plist.strings; name = en; path = en.lproj/Localizable.strings; sourceTree = "<group>"; };
		02F256A22A0ABAF800643BB0 /* ru */ = {isa = PBXFileReference; lastKnownFileType = text.plist.strings; name = ru; path = ru.lproj/Localizable.strings; sourceTree = "<group>"; };
		02F256A32A0ABDF200643BB0 /* Localizable.swift */ = {isa = PBXFileReference; fileEncoding = 4; lastKnownFileType = sourcecode.swift; path = Localizable.swift; sourceTree = "<group>"; };
		235393FF372575D9EA74856E /* Pods-Foodify.release.xcconfig */ = {isa = PBXFileReference; includeInIndex = 1; lastKnownFileType = text.xcconfig; name = "Pods-Foodify.release.xcconfig"; path = "Target Support Files/Pods-Foodify/Pods-Foodify.release.xcconfig"; sourceTree = "<group>"; };
		46029555DA722DD7A3AD2F6D /* Pods_Foodify.framework */ = {isa = PBXFileReference; explicitFileType = wrapper.framework; includeInIndex = 0; path = Pods_Foodify.framework; sourceTree = BUILT_PRODUCTS_DIR; };
		73578E92600AA6BFDAEFF922 /* Pods-Foodify.debug.xcconfig */ = {isa = PBXFileReference; includeInIndex = 1; lastKnownFileType = text.xcconfig; name = "Pods-Foodify.debug.xcconfig"; path = "Target Support Files/Pods-Foodify/Pods-Foodify.debug.xcconfig"; sourceTree = "<group>"; };
/* End PBXFileReference section */

/* Begin PBXFrameworksBuildPhase section */
		02A4D1602A03C0EC00E356A1 /* Frameworks */ = {
			isa = PBXFrameworksBuildPhase;
			buildActionMask = 2147483647;
			files = (
				1C4998A33F86F636B72230FD /* Pods_Foodify.framework in Frameworks */,
			);
			runOnlyForDeploymentPostprocessing = 0;
		};
/* End PBXFrameworksBuildPhase section */

/* Begin PBXGroup section */
		02A4D15A2A03C0EC00E356A1 = {
			isa = PBXGroup;
			children = (
				02A4D1652A03C0EC00E356A1 /* Foodify */,
				02A4D1642A03C0EC00E356A1 /* Products */,
				2774B9420C5825A63C0DFAEB /* Pods */,
				7B93B7294254261225FB523D /* Frameworks */,
			);
			sourceTree = "<group>";
		};
		02A4D1652A03C0EC00E356A1 /* Foodify */ = {
			isa = PBXGroup;
			children = (
				02DFFE402A0536D90022C172 /* Views */,
				02DFFE412A0536DC0022C172 /* Models */,
				02DFFE422A0536EF0022C172 /* Resources */,
			);
			path = Foodify;
			sourceTree = "<group>";
		};
		02DFFE402A0536D90022C172 /* Views */ = {
			isa = PBXGroup;
			children = (
				02DFFE3B2A052FD80022C172 /* RecipeDetail.swift */,
			);
			path = Views;
			sourceTree = "<group>";
		};
		02DFFE412A0536DC0022C172 /* Models */ = {
			isa = PBXGroup;
			children = (
				02DFFE342A052D080022C172 /* Recipe.swift */,
				02DFFE362A052D1D0022C172 /* RecipesData.swift */,
			);
			path = Models;
			sourceTree = "<group>";
		};
		02DFFE422A0536EF0022C172 /* Resources */ = {
			isa = PBXGroup;
			children = (
				02F2569C2A0950B300643BB0 /* Localizable */,
				02F256902A09192F00643BB0 /* Photos.xcassets */,
			);
			path = Resources;
			sourceTree = "<group>";
		};
		02F2569C2A0950B300643BB0 /* Localizable */ = {
			isa = PBXGroup;
			children = (
				02F256A32A0ABDF200643BB0 /* Localizable.swift */,
				02F256A12A0ABAF400643BB0 /* Localizable.strings */,
			);
			path = Localizable;
			sourceTree = "<group>";
		};
		2774B9420C5825A63C0DFAEB /* Pods */ = {
			isa = PBXGroup;
			children = (
				73578E92600AA6BFDAEFF922 /* Pods-Foodify.debug.xcconfig */,
				235393FF372575D9EA74856E /* Pods-Foodify.release.xcconfig */,
			);
			path = Pods;
			sourceTree = "<group>";
		};
		7B93B7294254261225FB523D /* Frameworks */ = {
			isa = PBXGroup;
			children = (
				46029555DA722DD7A3AD2F6D /* Pods_Foodify.framework */,
			);
			name = Frameworks;
			sourceTree = "<group>";
		};
/* End PBXGroup section */

/* Begin PBXNativeTarget section */
		02A4D1622A03C0EC00E356A1 /* Foodify */ = {
			isa = PBXNativeTarget;
			buildConfigurationList = 02A4D1712A03C0ED00E356A1 /* Build configuration list for PBXNativeTarget "Foodify" */;
			buildPhases = (
				B5B2F2D2FECA39F2721AB2B1 /* [CP] Check Pods Manifest.lock */,
				02DFFE3E2A0532C90022C172 /* Run SwiftGen */,
				02DFFE3D2A0532B60022C172 /* Run SwiftLint */,
				02A4D15F2A03C0EC00E356A1 /* Sources */,
				02A4D1602A03C0EC00E356A1 /* Frameworks */,
				02A4D1612A03C0EC00E356A1 /* Resources */,
			);
			buildRules = (
			);
			dependencies = (
			);
			name = Foodify;
			packageProductDependencies = (
			);
			productName = Foodify;
			productReference = 02A4D1632A03C0EC00E356A1 /* Foodify.app */;
			productType = "com.apple.product-type.application";
		};
/* End PBXNativeTarget section */

/* Begin PBXProject section */
		02A4D15B2A03C0EC00E356A1 /* Project object */ = {
			isa = PBXProject;
			attributes = {
				BuildIndependentTargetsInParallel = 1;
				LastSwiftUpdateCheck = 1430;
				LastUpgradeCheck = 1430;
				TargetAttributes = {
					02A4D1622A03C0EC00E356A1 = {
						CreatedOnToolsVersion = 14.3;
					};
				};
			};
			buildConfigurationList = 02A4D15E2A03C0EC00E356A1 /* Build configuration list for PBXProject "Foodify" */;
			compatibilityVersion = "Xcode 14.0";
			developmentRegion = en;
			hasScannedForEncodings = 0;
			knownRegions = (
				en,
				Base,
				ru,
			);
			mainGroup = 02A4D15A2A03C0EC00E356A1;
			packageReferences = (
			);
			productRefGroup = 02A4D1642A03C0EC00E356A1 /* Products */;
			projectDirPath = "";
			projectRoot = "";
			targets = (
				02A4D1622A03C0EC00E356A1 /* Foodify */,
			);
		};
/* End PBXProject section */

/* Begin PBXResourcesBuildPhase section */
		02A4D1612A03C0EC00E356A1 /* Resources */ = {
			isa = PBXResourcesBuildPhase;
			buildActionMask = 2147483647;
			files = (
				02F256912A09192F00643BB0 /* Photos.xcassets in Resources */,
				02F2569F2A0ABAF400643BB0 /* Localizable.strings in Resources */,
			);
			runOnlyForDeploymentPostprocessing = 0;
		};
/* End PBXResourcesBuildPhase section */

/* Begin PBXShellScriptBuildPhase section */
		02DFFE3D2A0532B60022C172 /* Run SwiftLint */ = {
			isa = PBXShellScriptBuildPhase;
			alwaysOutOfDate = 1;
			buildActionMask = 2147483647;
			files = (
			);
			inputFileListPaths = (
			);
			inputPaths = (
			);
			name = "Run SwiftLint";
			outputFileListPaths = (
			);
			outputPaths = (
			);
			runOnlyForDeploymentPostprocessing = 0;
			shellPath = /bin/sh;
			shellScript = "./Pods/SwiftLint/swiftlint autocorrect\n./Pods/SwiftLint/swiftlint\n";
		};
		02DFFE3E2A0532C90022C172 /* Run SwiftGen */ = {
			isa = PBXShellScriptBuildPhase;
			alwaysOutOfDate = 1;
			buildActionMask = 2147483647;
			files = (
			);
			inputFileListPaths = (
			);
			inputPaths = (
			);
			name = "Run SwiftGen";
			outputFileListPaths = (
			);
			outputPaths = (
			);
			runOnlyForDeploymentPostprocessing = 0;
			shellPath = /bin/sh;
			shellScript = "\"$PODS_ROOT/SwiftGen/bin/swiftgen\"\n";
		};
		B5B2F2D2FECA39F2721AB2B1 /* [CP] Check Pods Manifest.lock */ = {
			isa = PBXShellScriptBuildPhase;
			buildActionMask = 2147483647;
			files = (
			);
			inputFileListPaths = (
			);
			inputPaths = (
				"${PODS_PODFILE_DIR_PATH}/Podfile.lock",
				"${PODS_ROOT}/Manifest.lock",
			);
			name = "[CP] Check Pods Manifest.lock";
			outputFileListPaths = (
			);
			outputPaths = (
				"$(DERIVED_FILE_DIR)/Pods-Foodify-checkManifestLockResult.txt",
			);
			runOnlyForDeploymentPostprocessing = 0;
			shellPath = /bin/sh;
			shellScript = "diff \"${PODS_PODFILE_DIR_PATH}/Podfile.lock\" \"${PODS_ROOT}/Manifest.lock\" > /dev/null\nif [ $? != 0 ] ; then\n    # print error to STDERR\n    echo \"error: The sandbox is not in sync with the Podfile.lock. Run 'pod install' or update your CocoaPods installation.\" >&2\n    exit 1\nfi\n# This output is used by Xcode 'outputs' to avoid re-running this script phase.\necho \"SUCCESS\" > \"${SCRIPT_OUTPUT_FILE_0}\"\n";
			showEnvVarsInLog = 0;
		};
/* End PBXShellScriptBuildPhase section */

/* Begin PBXSourcesBuildPhase section */
		02A4D15F2A03C0EC00E356A1 /* Sources */ = {
			isa = PBXSourcesBuildPhase;
			buildActionMask = 2147483647;
			files = (
				02F256A42A0ABDF200643BB0 /* Localizable.swift in Sources */,
				02DFFE3C2A052FD80022C172 /* RecipeDetail.swift in Sources */,
				02DFFE372A052D1D0022C172 /* RecipesData.swift in Sources */,
				02DFFE352A052D080022C172 /* Recipe.swift in Sources */,
			);
			runOnlyForDeploymentPostprocessing = 0;
		};
/* End PBXSourcesBuildPhase section */

/* Begin PBXVariantGroup section */
		02F256A12A0ABAF400643BB0 /* Localizable.strings */ = {
			isa = PBXVariantGroup;
			children = (
				02F256A02A0ABAF400643BB0 /* en */,
				02F256A22A0ABAF800643BB0 /* ru */,
			);
			name = Localizable.strings;
			sourceTree = "<group>";
		};
/* End PBXVariantGroup section */

/* Begin XCBuildConfiguration section */
		02A4D16F2A03C0ED00E356A1 /* Debug */ = {
			isa = XCBuildConfiguration;
			buildSettings = {
				ALWAYS_SEARCH_USER_PATHS = NO;
				CLANG_ANALYZER_NONNULL = YES;
				CLANG_ANALYZER_NUMBER_OBJECT_CONVERSION = YES_AGGRESSIVE;
				CLANG_CXX_LANGUAGE_STANDARD = "gnu++20";
				CLANG_ENABLE_MODULES = YES;
				CLANG_ENABLE_OBJC_ARC = YES;
				CLANG_ENABLE_OBJC_WEAK = YES;
				CLANG_WARN_BLOCK_CAPTURE_AUTORELEASING = YES;
				CLANG_WARN_BOOL_CONVERSION = YES;
				CLANG_WARN_COMMA = YES;
				CLANG_WARN_CONSTANT_CONVERSION = YES;
				CLANG_WARN_DEPRECATED_OBJC_IMPLEMENTATIONS = YES;
				CLANG_WARN_DIRECT_OBJC_ISA_USAGE = YES_ERROR;
				CLANG_WARN_DOCUMENTATION_COMMENTS = YES;
				CLANG_WARN_EMPTY_BODY = YES;
				CLANG_WARN_ENUM_CONVERSION = YES;
				CLANG_WARN_INFINITE_RECURSION = YES;
				CLANG_WARN_INT_CONVERSION = YES;
				CLANG_WARN_NON_LITERAL_NULL_CONVERSION = YES;
				CLANG_WARN_OBJC_IMPLICIT_RETAIN_SELF = YES;
				CLANG_WARN_OBJC_LITERAL_CONVERSION = YES;
				CLANG_WARN_OBJC_ROOT_CLASS = YES_ERROR;
				CLANG_WARN_QUOTED_INCLUDE_IN_FRAMEWORK_HEADER = NO;
				CLANG_WARN_RANGE_LOOP_ANALYSIS = YES;
				CLANG_WARN_STRICT_PROTOTYPES = YES;
				CLANG_WARN_SUSPICIOUS_MOVE = YES;
				CLANG_WARN_UNGUARDED_AVAILABILITY = YES_AGGRESSIVE;
				CLANG_WARN_UNREACHABLE_CODE = YES;
				CLANG_WARN__DUPLICATE_METHOD_MATCH = YES;
				COPY_PHASE_STRIP = NO;
				DEBUG_INFORMATION_FORMAT = dwarf;
				ENABLE_STRICT_OBJC_MSGSEND = YES;
				ENABLE_TESTABILITY = YES;
				GCC_C_LANGUAGE_STANDARD = gnu11;
				GCC_DYNAMIC_NO_PIC = NO;
				GCC_NO_COMMON_BLOCKS = YES;
				GCC_OPTIMIZATION_LEVEL = 0;
				GCC_PREPROCESSOR_DEFINITIONS = (
					"DEBUG=1",
					"$(inherited)",
				);
				GCC_WARN_64_TO_32_BIT_CONVERSION = YES;
				GCC_WARN_ABOUT_RETURN_TYPE = YES_ERROR;
				GCC_WARN_UNDECLARED_SELECTOR = YES;
				GCC_WARN_UNINITIALIZED_AUTOS = YES_AGGRESSIVE;
				GCC_WARN_UNUSED_FUNCTION = YES;
				GCC_WARN_UNUSED_VARIABLE = YES;
				IPHONEOS_DEPLOYMENT_TARGET = 16.4;
				MTL_ENABLE_DEBUG_INFO = INCLUDE_SOURCE;
				MTL_FAST_MATH = YES;
				ONLY_ACTIVE_ARCH = YES;
				SDKROOT = iphoneos;
				SWIFT_ACTIVE_COMPILATION_CONDITIONS = DEBUG;
				SWIFT_OPTIMIZATION_LEVEL = "-Onone";
			};
			name = Debug;
		};
		02A4D1702A03C0ED00E356A1 /* Release */ = {
			isa = XCBuildConfiguration;
			buildSettings = {
				ALWAYS_SEARCH_USER_PATHS = NO;
				CLANG_ANALYZER_NONNULL = YES;
				CLANG_ANALYZER_NUMBER_OBJECT_CONVERSION = YES_AGGRESSIVE;
				CLANG_CXX_LANGUAGE_STANDARD = "gnu++20";
				CLANG_ENABLE_MODULES = YES;
				CLANG_ENABLE_OBJC_ARC = YES;
				CLANG_ENABLE_OBJC_WEAK = YES;
				CLANG_WARN_BLOCK_CAPTURE_AUTORELEASING = YES;
				CLANG_WARN_BOOL_CONVERSION = YES;
				CLANG_WARN_COMMA = YES;
				CLANG_WARN_CONSTANT_CONVERSION = YES;
				CLANG_WARN_DEPRECATED_OBJC_IMPLEMENTATIONS = YES;
				CLANG_WARN_DIRECT_OBJC_ISA_USAGE = YES_ERROR;
				CLANG_WARN_DOCUMENTATION_COMMENTS = YES;
				CLANG_WARN_EMPTY_BODY = YES;
				CLANG_WARN_ENUM_CONVERSION = YES;
				CLANG_WARN_INFINITE_RECURSION = YES;
				CLANG_WARN_INT_CONVERSION = YES;
				CLANG_WARN_NON_LITERAL_NULL_CONVERSION = YES;
				CLANG_WARN_OBJC_IMPLICIT_RETAIN_SELF = YES;
				CLANG_WARN_OBJC_LITERAL_CONVERSION = YES;
				CLANG_WARN_OBJC_ROOT_CLASS = YES_ERROR;
				CLANG_WARN_QUOTED_INCLUDE_IN_FRAMEWORK_HEADER = NO;
				CLANG_WARN_RANGE_LOOP_ANALYSIS = YES;
				CLANG_WARN_STRICT_PROTOTYPES = YES;
				CLANG_WARN_SUSPICIOUS_MOVE = YES;
				CLANG_WARN_UNGUARDED_AVAILABILITY = YES_AGGRESSIVE;
				CLANG_WARN_UNREACHABLE_CODE = YES;
				CLANG_WARN__DUPLICATE_METHOD_MATCH = YES;
				COPY_PHASE_STRIP = NO;
				DEBUG_INFORMATION_FORMAT = "dwarf-with-dsym";
				ENABLE_NS_ASSERTIONS = NO;
				ENABLE_STRICT_OBJC_MSGSEND = YES;
				GCC_C_LANGUAGE_STANDARD = gnu11;
				GCC_NO_COMMON_BLOCKS = YES;
				GCC_WARN_64_TO_32_BIT_CONVERSION = YES;
				GCC_WARN_ABOUT_RETURN_TYPE = YES_ERROR;
				GCC_WARN_UNDECLARED_SELECTOR = YES;
				GCC_WARN_UNINITIALIZED_AUTOS = YES_AGGRESSIVE;
				GCC_WARN_UNUSED_FUNCTION = YES;
				GCC_WARN_UNUSED_VARIABLE = YES;
				IPHONEOS_DEPLOYMENT_TARGET = 16.4;
				MTL_ENABLE_DEBUG_INFO = NO;
				MTL_FAST_MATH = YES;
				SDKROOT = iphoneos;
				SWIFT_COMPILATION_MODE = wholemodule;
				SWIFT_OPTIMIZATION_LEVEL = "-O";
				VALIDATE_PRODUCT = YES;
			};
			name = Release;
		};
		02A4D1722A03C0ED00E356A1 /* Debug */ = {
			isa = XCBuildConfiguration;
			baseConfigurationReference = 73578E92600AA6BFDAEFF922 /* Pods-Foodify.debug.xcconfig */;
			buildSettings = {
				ASSETCATALOG_COMPILER_APPICON_NAME = "";
				ASSETCATALOG_COMPILER_GLOBAL_ACCENT_COLOR_NAME = "";
				CODE_SIGN_STYLE = Automatic;
				CURRENT_PROJECT_VERSION = 1;
				DEVELOPMENT_ASSET_PATHS = "\"Foodify/Preview Content\"";
				DEVELOPMENT_TEAM = SMNXVGXK4L;
				ENABLE_PREVIEWS = YES;
				GENERATE_INFOPLIST_FILE = YES;
				INFOPLIST_KEY_UIApplicationSceneManifest_Generation = YES;
				INFOPLIST_KEY_UIApplicationSupportsIndirectInputEvents = YES;
				INFOPLIST_KEY_UILaunchScreen_Generation = YES;
				INFOPLIST_KEY_UISupportedInterfaceOrientations_iPad = "UIInterfaceOrientationPortrait UIInterfaceOrientationPortraitUpsideDown UIInterfaceOrientationLandscapeLeft UIInterfaceOrientationLandscapeRight";
				INFOPLIST_KEY_UISupportedInterfaceOrientations_iPhone = "UIInterfaceOrientationPortrait UIInterfaceOrientationLandscapeLeft UIInterfaceOrientationLandscapeRight";
				IPHONEOS_DEPLOYMENT_TARGET = 15.0;
				LD_RUNPATH_SEARCH_PATHS = (
					"$(inherited)",
					"@executable_path/Frameworks",
				);
				MARKETING_VERSION = 1.0;
				PRODUCT_BUNDLE_IDENTIFIER = "com.bassist-zero.Foodify";
				PRODUCT_NAME = "$(TARGET_NAME)";
				SUPPORTED_PLATFORMS = "iphoneos iphonesimulator";
				SUPPORTS_MACCATALYST = NO;
				SUPPORTS_MAC_DESIGNED_FOR_IPHONE_IPAD = NO;
				SWIFT_EMIT_LOC_STRINGS = YES;
				SWIFT_VERSION = 5.0;
				TARGETED_DEVICE_FAMILY = 1;
			};
			name = Debug;
		};
		02A4D1732A03C0ED00E356A1 /* Release */ = {
			isa = XCBuildConfiguration;
			baseConfigurationReference = 235393FF372575D9EA74856E /* Pods-Foodify.release.xcconfig */;
			buildSettings = {
				ASSETCATALOG_COMPILER_APPICON_NAME = "";
				ASSETCATALOG_COMPILER_GLOBAL_ACCENT_COLOR_NAME = "";
				CODE_SIGN_STYLE = Automatic;
				CURRENT_PROJECT_VERSION = 1;
				DEVELOPMENT_ASSET_PATHS = "\"Foodify/Preview Content\"";
				DEVELOPMENT_TEAM = SMNXVGXK4L;
				ENABLE_PREVIEWS = YES;
				GENERATE_INFOPLIST_FILE = YES;
				INFOPLIST_KEY_UIApplicationSceneManifest_Generation = YES;
				INFOPLIST_KEY_UIApplicationSupportsIndirectInputEvents = YES;
				INFOPLIST_KEY_UILaunchScreen_Generation = YES;
				INFOPLIST_KEY_UISupportedInterfaceOrientations_iPad = "UIInterfaceOrientationPortrait UIInterfaceOrientationPortraitUpsideDown UIInterfaceOrientationLandscapeLeft UIInterfaceOrientationLandscapeRight";
				INFOPLIST_KEY_UISupportedInterfaceOrientations_iPhone = "UIInterfaceOrientationPortrait UIInterfaceOrientationLandscapeLeft UIInterfaceOrientationLandscapeRight";
				IPHONEOS_DEPLOYMENT_TARGET = 15.0;
				LD_RUNPATH_SEARCH_PATHS = (
					"$(inherited)",
					"@executable_path/Frameworks",
				);
				MARKETING_VERSION = 1.0;
				PRODUCT_BUNDLE_IDENTIFIER = "com.bassist-zero.Foodify";
				PRODUCT_NAME = "$(TARGET_NAME)";
				SUPPORTED_PLATFORMS = "iphoneos iphonesimulator";
				SUPPORTS_MACCATALYST = NO;
				SUPPORTS_MAC_DESIGNED_FOR_IPHONE_IPAD = NO;
				SWIFT_EMIT_LOC_STRINGS = YES;
				SWIFT_VERSION = 5.0;
				TARGETED_DEVICE_FAMILY = 1;
			};
			name = Release;
		};
/* End XCBuildConfiguration section */

/* Begin XCConfigurationList section */
		02A4D15E2A03C0EC00E356A1 /* Build configuration list for PBXProject "Foodify" */ = {
			isa = XCConfigurationList;
			buildConfigurations = (
				02A4D16F2A03C0ED00E356A1 /* Debug */,
				02A4D1702A03C0ED00E356A1 /* Release */,
			);
			defaultConfigurationIsVisible = 0;
			defaultConfigurationName = Release;
		};
		02A4D1712A03C0ED00E356A1 /* Build configuration list for PBXNativeTarget "Foodify" */ = {
			isa = XCConfigurationList;
			buildConfigurations = (
				02A4D1722A03C0ED00E356A1 /* Debug */,
				02A4D1732A03C0ED00E356A1 /* Release */,
			);
			defaultConfigurationIsVisible = 0;
			defaultConfigurationName = Release;
		};
/* End XCConfigurationList section */
	};
	rootObject = 02A4D15B2A03C0EC00E356A1 /* Project object */;
}
